
Microsoft Visual Studio Solution File, Format Version 11.00
# Visual Studio 2010
# SharpDevelop 4.4
Project("{FAE04EC0-301F-11D3-BF4B-00C04F79EFBC}") = "Pripony", "Pripony\Pripony.csproj", "{4FC6C292-B0B4-431A-A028-E73A8D4FAE05}"
EndProject
Global
	GlobalSection(SolutionConfigurationPlatforms) = preSolution
		Debug|Any CPU = Debug|Any CPU
		Release|Any CPU = Release|Any CPU
	EndGlobalSection
	GlobalSection(ProjectConfigurationPlatforms) = postSolution
		{4FC6C292-B0B4-431A-A028-E73A8D4FAE05}.Debug|Any CPU.Build.0 = Debug|Any CPU
		{4FC6C292-B0B4-431A-A028-E73A8D4FAE05}.Debug|Any CPU.ActiveCfg = Debug|Any CPU
		{4FC6C292-B0B4-431A-A028-E73A8D4FAE05}.Release|Any CPU.Build.0 = Release|Any CPU
		{4FC6C292-B0B4-431A-A028-E73A8D4FAE05}.Release|Any CPU.ActiveCfg = Release|Any CPU
	EndGlobalSection
EndGlobal
